
Microsoft Visual Studio Solution File, Format Version 12.00
# Visual Studio Version 17
VisualStudioVersion = 17.13.35825.156
MinimumVisualStudioVersion = 10.0.40219.1
Project("{FAE04EC0-301F-11D3-BF4B-00C04F79EFBC}") = "crm-demo2", "crm-demo2\crm-demo2.csproj", "{CCCC162B-6783-4CA3-9C6D-637F7E06DE0C}"
EndProject
Project("{FAE04EC0-301F-11D3-BF4B-00C04F79EFBC}") = "crm-demo-test", "crm-demo-test\crm-demo-test.csproj", "{0FAE4BCA-C132-405E-82AC-0908551E36E6}"
EndProject
Global
	GlobalSection(SolutionConfigurationPlatforms) = preSolution
		Debug|Any CPU = Debug|Any CPU
		Release|Any CPU = Release|Any CPU
	EndGlobalSection
	GlobalSection(ProjectConfigurationPlatforms) = postSolution
		{CCCC162B-6783-4CA3-9C6D-637F7E06DE0C}.Debug|Any CPU.ActiveCfg = Debug|Any CPU
		{CCCC162B-6783-4CA3-9C6D-637F7E06DE0C}.Debug|Any CPU.Build.0 = Debug|Any CPU
		{CCCC162B-6783-4CA3-9C6D-637F7E06DE0C}.Release|Any CPU.ActiveCfg = Release|Any CPU
		{CCCC162B-6783-4CA3-9C6D-637F7E06DE0C}.Release|Any CPU.Build.0 = Release|Any CPU
		{0FAE4BCA-C132-405E-82AC-0908551E36E6}.Debug|Any CPU.ActiveCfg = Debug|Any CPU
		{0FAE4BCA-C132-405E-82AC-0908551E36E6}.Debug|Any CPU.Build.0 = Debug|Any CPU
		{0FAE4BCA-C132-405E-82AC-0908551E36E6}.Release|Any CPU.ActiveCfg = Release|Any CPU
		{0FAE4BCA-C132-405E-82AC-0908551E36E6}.Release|Any CPU.Build.0 = Release|Any CPU
	EndGlobalSection
	GlobalSection(SolutionProperties) = preSolution
		HideSolutionNode = FALSE
	EndGlobalSection
	GlobalSection(ExtensibilityGlobals) = postSolution
		SolutionGuid = {533D0E5A-DB75-4B8F-992C-EAF611D88999}
	EndGlobalSection
EndGlobal
